
Microsoft Visual Studio Solution File, Format Version 12.00
# Visual Studio Version 17
VisualStudioVersion = 17.8.34330.188
MinimumVisualStudioVersion = 10.0.40219.1
Project("{FAE04EC0-301F-11D3-BF4B-00C04F79EFBC}") = "Week9List", "Week9List.csproj", "{DCDE1BF0-E43B-408E-9BFE-2674728372EF}"
EndProject
Global
	GlobalSection(SolutionConfigurationPlatforms) = preSolution
		Debug|Any CPU = Debug|Any CPU
		Release|Any CPU = Release|Any CPU
	EndGlobalSection
	GlobalSection(ProjectConfigurationPlatforms) = postSolution
		{DCDE1BF0-E43B-408E-9BFE-2674728372EF}.Debug|Any CPU.ActiveCfg = Debug|Any CPU
		{DCDE1BF0-E43B-408E-9BFE-2674728372EF}.Debug|Any CPU.Build.0 = Debug|Any CPU
		{DCDE1BF0-E43B-408E-9BFE-2674728372EF}.Release|Any CPU.ActiveCfg = Release|Any CPU
		{DCDE1BF0-E43B-408E-9BFE-2674728372EF}.Release|Any CPU.Build.0 = Release|Any CPU
	EndGlobalSection
	GlobalSection(SolutionProperties) = preSolution
		HideSolutionNode = FALSE
	EndGlobalSection
	GlobalSection(ExtensibilityGlobals) = postSolution
		SolutionGuid = {46ECB215-B7B6-46EE-B254-4A78B3E703F0}
	EndGlobalSection
EndGlobal
